<?xml version="1.0" encoding="utf-8"?>
<Project ToolsVersion="4.0" xmlns="http://schemas.microsoft.com/developer/msbuild/2003">
  <ItemGroup>
    <Filter Include="Source Files">
      <UniqueIdentifier>{4FC737F1-C7A5-4376-A066-2A32D752A2FF}</UniqueIdentifier>
      <Extensions>cpp;c;cc;cxx;c++;cppm;ixx;def;odl;idl;hpj;bat;asm;asmx</Extensions>
    </Filter>
    <Filter Include="Header Files">
      <UniqueIdentifier>{93995380-89BD-4b04-88EB-625FBE52EBFB}</UniqueIdentifier>
      <Extensions>h;hh;hpp;hxx;h++;hm;inl;inc;ipp;xsd</Extensions>
    </Filter>
    <Filter Include="Resource Files">
      <UniqueIdentifier>{67DA6AB6-F800-4c08-8B7A-83BB121AAD01}</UniqueIdentifier>
      <Extensions>rc;ico;cur;bmp;dlg;rc2;rct;bin;rgs;gif;jpg;jpeg;jpe;resx;tiff;tif;png;wav;mfcribbon-ms</Extensions>
    </Filter>
    <Filter Include="Engine">
      <UniqueIdentifier>{84855feb-8d03-4d9e-a7b0-0ef0c05489c3}</UniqueIdentifier>
    </Filter>
    <Filter Include="imgui">
      <UniqueIdentifier>{b9176652-c159-403b-8cac-d311fa8ce4af}</UniqueIdentifier>
    </Filter>
    <Filter Include="imgui\Backend">
      <UniqueIdentifier>{90f49e21-bf21-40d6-8591-f56ecbb4fd8a}</UniqueIdentifier>
    </Filter>
    <Filter Include="imgui\Debug Filters">
      <UniqueIdentifier>{a6eab866-0c8b-49cf-8b49-0118bf99a18d}</UniqueIdentifier>
    </Filter>
  </ItemGroup>
  <ItemGroup>
    <ClCompile Include="main.cpp">
      <Filter>Source Files</Filter>
    </ClCompile>
    <ClCompile Include="Engine.cpp">
      <Filter>Engine</Filter>
    </ClCompile>
    <ClCompile Include="GUClock.cpp">
      <Filter>Engine</Filter>
    </ClCompile>
    <ClCompile Include="GUMemory.cpp">
      <Filter>Engine</Filter>
    </ClCompile>
    <ClCompile Include="GUObject.cpp">
      <Filter>Engine</Filter>
    </ClCompile>
    <ClCompile Include="texture_loader.cpp">
      <Filter>Engine</Filter>
    </ClCompile>
    <ClCompile Include="GameObject2D.cpp">
      <Filter>Engine</Filter>
    </ClCompile>
    <ClCompile Include="glPrint.cpp">
      <Filter>Engine</Filter>
    </ClCompile>
    <ClCompile Include="..\Libs\imgui\imgui.cpp">
      <Filter>imgui</Filter>
    </ClCompile>
    <ClCompile Include="..\Libs\imgui\imgui_demo.cpp">
      <Filter>imgui</Filter>
    </ClCompile>
    <ClCompile Include="..\Libs\imgui\imgui_draw.cpp">
      <Filter>imgui</Filter>
    </ClCompile>
    <ClCompile Include="..\Libs\imgui\imgui_tables.cpp">
      <Filter>imgui</Filter>
    </ClCompile>
    <ClCompile Include="..\Libs\imgui\imgui_widgets.cpp">
      <Filter>imgui</Filter>
    </ClCompile>
    <ClCompile Include="..\Libs\imgui\imgui_impl_glfw.cpp">
      <Filter>imgui\Backend</Filter>
    </ClCompile>
    <ClCompile Include="..\Libs\imgui\imgui_impl_opengl3.cpp">
      <Filter>imgui\Backend</Filter>
    </ClCompile>
  </ItemGroup>
  <ItemGroup>
    <ClInclude Include="Engine.h">
      <Filter>Engine</Filter>
    </ClInclude>
    <ClInclude Include="GUClock.h">
      <Filter>Engine</Filter>
    </ClInclude>
    <ClInclude Include="GUMemory.h">
      <Filter>Engine</Filter>
    </ClInclude>
    <ClInclude Include="GUObject.h">
      <Filter>Engine</Filter>
    </ClInclude>
    <ClInclude Include="texture_loader.h">
      <Filter>Engine</Filter>
    </ClInclude>
    <ClInclude Include="GraphicsCore.h">
      <Filter>Engine</Filter>
    </ClInclude>
    <ClInclude Include="GameObject2D.h">
      <Filter>Engine</Filter>
    </ClInclude>
    <ClInclude Include="glPrint.h">
      <Filter>Engine</Filter>
    </ClInclude>
    <ClInclude Include="..\Libs\imgui\imconfig.h">
      <Filter>imgui</Filter>
    </ClInclude>
    <ClInclude Include="..\Libs\imgui\imgui.h">
      <Filter>imgui</Filter>
    </ClInclude>
    <ClInclude Include="..\Libs\imgui\imgui_internal.h">
      <Filter>imgui</Filter>
    </ClInclude>
    <ClInclude Include="..\Libs\imgui\imgui_impl_glfw.h">
      <Filter>imgui\Backend</Filter>
    </ClInclude>
    <ClInclude Include="..\Libs\imgui\imgui_impl_opengl3.h">
      <Filter>imgui\Backend</Filter>
    </ClInclude>
    <ClInclude Include="..\Libs\imgui\imgui_impl_opengl3_loader.h">
      <Filter>imgui\Backend</Filter>
    </ClInclude>
    <ClInclude Include="..\Libs\imgui\imstb_rectpack.h">
      <Filter>imgui</Filter>
    </ClInclude>
    <ClInclude Include="..\Libs\imgui\imstb_textedit.h">
      <Filter>imgui</Filter>
    </ClInclude>
    <ClInclude Include="..\Libs\imgui\imstb_truetype.h">
      <Filter>imgui</Filter>
    </ClInclude>
  </ItemGroup>
  <ItemGroup>
    <None Include="..\Libs\imgui\imgui.natstepfilter">
      <Filter>imgui\Debug Filters</Filter>
    </None>
  </ItemGroup>
  <ItemGroup>
    <Natvis Include="..\Libs\imgui\imgui.natvis">
      <Filter>imgui\Debug Filters</Filter>
    </Natvis>
  </ItemGroup>
</Project>